
Microsoft Visual Studio Solution File, Format Version 12.00
# Visual Studio 2012
Project("{FAE04EC0-301F-11D3-BF4B-00C04F79EFBC}") = "DummyRobotEnv", "DummyRobotEnv\DummyRobotEnv.csproj", "{E13A52E8-41EB-48A7-9EA1-C0C135615A43}"
EndProject
Global
	GlobalSection(SolutionConfigurationPlatforms) = preSolution
		Debug|Any CPU = Debug|Any CPU
		Release|Any CPU = Release|Any CPU
	EndGlobalSection
	GlobalSection(ProjectConfigurationPlatforms) = postSolution
		{E13A52E8-41EB-48A7-9EA1-C0C135615A43}.Debug|Any CPU.ActiveCfg = Debug|Any CPU
		{E13A52E8-41EB-48A7-9EA1-C0C135615A43}.Debug|Any CPU.Build.0 = Debug|Any CPU
		{E13A52E8-41EB-48A7-9EA1-C0C135615A43}.Release|Any CPU.ActiveCfg = Release|Any CPU
		{E13A52E8-41EB-48A7-9EA1-C0C135615A43}.Release|Any CPU.Build.0 = Release|Any CPU
	EndGlobalSection
	GlobalSection(SolutionProperties) = preSolution
		HideSolutionNode = FALSE
	EndGlobalSection
EndGlobal
